Microsoft Visual Studio Solution File, Format Version 7.00
Project("{FAE04EC0-301F-11D3-BF4B-00C04F79EFBC}") = "Example3", "Example3.csproj", "{10269FA3-4B4B-4D28-90C5-E745062FDDFB}"
EndProject
Global
	GlobalSection(SolutionConfiguration) = preSolution
		ConfigName.0 = Debug
		ConfigName.1 = Release
	EndGlobalSection
	GlobalSection(ProjectDependencies) = postSolution
	EndGlobalSection
	GlobalSection(ProjectConfiguration) = postSolution
		{10269FA3-4B4B-4D28-90C5-E745062FDDFB}.Debug.ActiveCfg = Debug|.NET
		{10269FA3-4B4B-4D28-90C5-E745062FDDFB}.Debug.Build.0 = Debug|.NET
		{10269FA3-4B4B-4D28-90C5-E745062FDDFB}.Release.ActiveCfg = Release|.NET
		{10269FA3-4B4B-4D28-90C5-E745062FDDFB}.Release.Build.0 = Release|.NET
	EndGlobalSection
	GlobalSection(ExtensibilityGlobals) = postSolution
	EndGlobalSection
	GlobalSection(ExtensibilityAddIns) = postSolution
	EndGlobalSection
EndGlobal
