
Microsoft Visual Studio Solution File, Format Version 11.00
# Visual Studio 2010
Project("{FAE04EC0-301F-11D3-BF4B-00C04F79EFBC}") = "TestOpenXmlExcel", "TestOpenXmlExcel\TestOpenXmlExcel.csproj", "{1288A835-528C-471D-B7E1-0E22E15EBF45}"
EndProject
Global
	GlobalSection(SolutionConfigurationPlatforms) = preSolution
		Debug|x86 = Debug|x86
		Release|x86 = Release|x86
	EndGlobalSection
	GlobalSection(ProjectConfigurationPlatforms) = postSolution
		{1288A835-528C-471D-B7E1-0E22E15EBF45}.Debug|x86.ActiveCfg = Debug|x86
		{1288A835-528C-471D-B7E1-0E22E15EBF45}.Debug|x86.Build.0 = Debug|x86
		{1288A835-528C-471D-B7E1-0E22E15EBF45}.Release|x86.ActiveCfg = Release|x86
		{1288A835-528C-471D-B7E1-0E22E15EBF45}.Release|x86.Build.0 = Release|x86
	EndGlobalSection
	GlobalSection(SolutionProperties) = preSolution
		HideSolutionNode = FALSE
	EndGlobalSection
EndGlobal
