
Microsoft Visual Studio Solution File, Format Version 11.00
# Visual Studio 2010
Project("{FAE04EC0-301F-11D3-BF4B-00C04F79EFBC}") = "PropertyGrid1", "PropertyGrid1\PropertyGrid1.csproj", "{C2933BBD-37EA-4E2B-8EA3-FBE4639C59F1}"
EndProject
Global
	GlobalSection(SolutionConfigurationPlatforms) = preSolution
		Debug|Any CPU = Debug|Any CPU
		Release|Any CPU = Release|Any CPU
	EndGlobalSection
	GlobalSection(ProjectConfigurationPlatforms) = postSolution
		{C2933BBD-37EA-4E2B-8EA3-FBE4639C59F1}.Debug|Any CPU.ActiveCfg = Debug|Any CPU
		{C2933BBD-37EA-4E2B-8EA3-FBE4639C59F1}.Debug|Any CPU.Build.0 = Debug|Any CPU
		{C2933BBD-37EA-4E2B-8EA3-FBE4639C59F1}.Release|Any CPU.ActiveCfg = Release|Any CPU
		{C2933BBD-37EA-4E2B-8EA3-FBE4639C59F1}.Release|Any CPU.Build.0 = Release|Any CPU
	EndGlobalSection
	GlobalSection(SolutionProperties) = preSolution
		HideSolutionNode = FALSE
	EndGlobalSection
EndGlobal
